
Microsoft Visual Studio Solution File, Format Version 12.00
# Visual Studio 14
VisualStudioVersion = 14.0.25420.1
MinimumVisualStudioVersion = 10.0.40219.1
Project("{2150E333-8FDC-42A3-9474-1A3956D46DE8}") = "Solution Items", "Solution Items", "{76E6418C-1A2C-4B38-AC8E-F62481D52993}"
EndProject
Project("{2150E333-8FDC-42A3-9474-1A3956D46DE8}") = "src", "src", "{DCCB3FE7-5031-4297-BD87-C6B965A89927}"
EndProject
Project("{2150E333-8FDC-42A3-9474-1A3956D46DE8}") = "tests", "tests", "{E3420757-567A-457F-9803-56270E2C80D8}"
EndProject
Project("{FAE04EC0-301F-11D3-BF4B-00C04F79EFBC}") = "OneDrive.Sdk.Authentication.Desktop", "src\OneDrive.Sdk.Authentication.Desktop\OneDrive.Sdk.Authentication.Desktop.csproj", "{C48558A9-320F-464D-BEF4-48266F3CF2D3}"
EndProject
Project("{FAE04EC0-301F-11D3-BF4B-00C04F79EFBC}") = "OneDrive.Sdk.Authentication.WinStore", "src\OneDrive.Sdk.Authentication.WinStore\OneDrive.Sdk.Authentication.WinStore.csproj", "{A8C54259-542C-40AC-AEB6-EEFC3AA79859}"
EndProject
Project("{FAE04EC0-301F-11D3-BF4B-00C04F79EFBC}") = "Test.OneDrive.Sdk.Authentication.Desktop", "tests\Test.OneDrive.Sdk.Authentication.Desktop\Test.OneDrive.Sdk.Authentication.Desktop.csproj", "{6C0D57DC-89C6-4313-BB2C-2CCB662AFDFB}"
EndProject
Project("{FAE04EC0-301F-11D3-BF4B-00C04F79EFBC}") = "Test.OneDrive.Sdk.Authentication.WinRT", "tests\Test.OneDrive.Sdk.Authentication.WinRT\Test.OneDrive.Sdk.Authentication.WinRT.csproj", "{61BCEAD9-36D4-49B6-9B0F-1999CDCD149F}"
EndProject
Project("{FAE04EC0-301F-11D3-BF4B-00C04F79EFBC}") = "OneDrive.Sdk.Authentication.WinRT", "src\OneDrive.Sdk.Authentication.WinRT\OneDrive.Sdk.Authentication.WinRT.csproj", "{65CF9691-E5A1-44BB-91A5-F1FE1FDB7DBE}"
EndProject
Project("{FAE04EC0-301F-11D3-BF4B-00C04F79EFBC}") = "OneDrive.Sdk.Authentication.UWP", "src\OneDrive.Sdk.Authentication.UWP\OneDrive.Sdk.Authentication.UWP.csproj", "{07EE71E1-1BEC-409A-B497-3A9E3EF16EE6}"
EndProject
Project("{FAE04EC0-301F-11D3-BF4B-00C04F79EFBC}") = "Test.OneDrive.Sdk.Authentication.UWP", "tests\Test.OneDrive.Sdk.Authentication.UWP\Test.OneDrive.Sdk.Authentication.UWP.csproj", "{9299EB17-349D-408C-8BD5-D4DAD1ECEA7E}"
Project("{FAE04EC0-301F-11D3-BF4B-00C04F79EFBC}") = "OneDrive.Sdk.Authentication.Xamarin.Android", "src\OneDrive.Sdk.Authentication.Xamarin.Android\OneDrive.Sdk.Authentication.Xamarin.Android.csproj", "{B68F871E-A9E1-40CB-92A7-0F602504895B}"
EndProject
Project("{FAE04EC0-301F-11D3-BF4B-00C04F79EFBC}") = "Test.OneDrive.Sdk.Authentication.Xamarin.Android", "tests\Test.OneDrive.Sdk.Authentication.Xamarin.Android\Test.OneDrive.Sdk.Authentication.Xamarin.Android.csproj", "{79DE2E0A-68A6-4538-878F-4C150594941A}"
EndProject
Global
	GlobalSection(SolutionConfigurationPlatforms) = preSolution
		Debug|Any CPU = Debug|Any CPU
		Debug|ARM = Debug|ARM
		Debug|x64 = Debug|x64
		Debug|x86 = Debug|x86
		Release|Any CPU = Release|Any CPU
		Release|ARM = Release|ARM
		Release|x64 = Release|x64
		Release|x86 = Release|x86
	EndGlobalSection
	GlobalSection(ProjectConfigurationPlatforms) = postSolution
		{C48558A9-320F-464D-BEF4-48266F3CF2D3}.Debug|Any CPU.ActiveCfg = Debug|Any CPU
		{C48558A9-320F-464D-BEF4-48266F3CF2D3}.Debug|Any CPU.Build.0 = Debug|Any CPU
		{C48558A9-320F-464D-BEF4-48266F3CF2D3}.Debug|ARM.ActiveCfg = Debug|Any CPU
		{C48558A9-320F-464D-BEF4-48266F3CF2D3}.Debug|ARM.Build.0 = Debug|Any CPU
		{C48558A9-320F-464D-BEF4-48266F3CF2D3}.Debug|x64.ActiveCfg = Debug|Any CPU
		{C48558A9-320F-464D-BEF4-48266F3CF2D3}.Debug|x64.Build.0 = Debug|Any CPU
		{C48558A9-320F-464D-BEF4-48266F3CF2D3}.Debug|x86.ActiveCfg = Debug|Any CPU
		{C48558A9-320F-464D-BEF4-48266F3CF2D3}.Debug|x86.Build.0 = Debug|Any CPU
		{C48558A9-320F-464D-BEF4-48266F3CF2D3}.Release|Any CPU.ActiveCfg = Release|Any CPU
		{C48558A9-320F-464D-BEF4-48266F3CF2D3}.Release|Any CPU.Build.0 = Release|Any CPU
		{C48558A9-320F-464D-BEF4-48266F3CF2D3}.Release|ARM.ActiveCfg = Release|Any CPU
		{C48558A9-320F-464D-BEF4-48266F3CF2D3}.Release|ARM.Build.0 = Release|Any CPU
		{C48558A9-320F-464D-BEF4-48266F3CF2D3}.Release|x64.ActiveCfg = Release|Any CPU
		{C48558A9-320F-464D-BEF4-48266F3CF2D3}.Release|x64.Build.0 = Release|Any CPU
		{C48558A9-320F-464D-BEF4-48266F3CF2D3}.Release|x86.ActiveCfg = Release|Any CPU
		{C48558A9-320F-464D-BEF4-48266F3CF2D3}.Release|x86.Build.0 = Release|Any CPU
		{A8C54259-542C-40AC-AEB6-EEFC3AA79859}.Debug|Any CPU.ActiveCfg = Debug|Any CPU
		{A8C54259-542C-40AC-AEB6-EEFC3AA79859}.Debug|Any CPU.Build.0 = Debug|Any CPU
		{A8C54259-542C-40AC-AEB6-EEFC3AA79859}.Debug|ARM.ActiveCfg = Debug|Any CPU
		{A8C54259-542C-40AC-AEB6-EEFC3AA79859}.Debug|ARM.Build.0 = Debug|Any CPU
		{A8C54259-542C-40AC-AEB6-EEFC3AA79859}.Debug|x64.ActiveCfg = Debug|Any CPU
		{A8C54259-542C-40AC-AEB6-EEFC3AA79859}.Debug|x64.Build.0 = Debug|Any CPU
		{A8C54259-542C-40AC-AEB6-EEFC3AA79859}.Debug|x86.ActiveCfg = Debug|Any CPU
		{A8C54259-542C-40AC-AEB6-EEFC3AA79859}.Debug|x86.Build.0 = Debug|Any CPU
		{A8C54259-542C-40AC-AEB6-EEFC3AA79859}.Release|Any CPU.ActiveCfg = Release|Any CPU
		{A8C54259-542C-40AC-AEB6-EEFC3AA79859}.Release|Any CPU.Build.0 = Release|Any CPU
		{A8C54259-542C-40AC-AEB6-EEFC3AA79859}.Release|ARM.ActiveCfg = Release|Any CPU
		{A8C54259-542C-40AC-AEB6-EEFC3AA79859}.Release|ARM.Build.0 = Release|Any CPU
		{A8C54259-542C-40AC-AEB6-EEFC3AA79859}.Release|x64.ActiveCfg = Release|Any CPU
		{A8C54259-542C-40AC-AEB6-EEFC3AA79859}.Release|x64.Build.0 = Release|Any CPU
		{A8C54259-542C-40AC-AEB6-EEFC3AA79859}.Release|x86.ActiveCfg = Release|Any CPU
		{A8C54259-542C-40AC-AEB6-EEFC3AA79859}.Release|x86.Build.0 = Release|Any CPU
		{6C0D57DC-89C6-4313-BB2C-2CCB662AFDFB}.Debug|Any CPU.ActiveCfg = Debug|Any CPU
		{6C0D57DC-89C6-4313-BB2C-2CCB662AFDFB}.Debug|Any CPU.Build.0 = Debug|Any CPU
		{6C0D57DC-89C6-4313-BB2C-2CCB662AFDFB}.Debug|ARM.ActiveCfg = Debug|Any CPU
		{6C0D57DC-89C6-4313-BB2C-2CCB662AFDFB}.Debug|ARM.Build.0 = Debug|Any CPU
		{6C0D57DC-89C6-4313-BB2C-2CCB662AFDFB}.Debug|x64.ActiveCfg = Debug|Any CPU
		{6C0D57DC-89C6-4313-BB2C-2CCB662AFDFB}.Debug|x64.Build.0 = Debug|Any CPU
		{6C0D57DC-89C6-4313-BB2C-2CCB662AFDFB}.Debug|x86.ActiveCfg = Debug|Any CPU
		{6C0D57DC-89C6-4313-BB2C-2CCB662AFDFB}.Debug|x86.Build.0 = Debug|Any CPU
		{6C0D57DC-89C6-4313-BB2C-2CCB662AFDFB}.Release|Any CPU.ActiveCfg = Release|Any CPU
		{6C0D57DC-89C6-4313-BB2C-2CCB662AFDFB}.Release|ARM.ActiveCfg = Release|Any CPU
		{6C0D57DC-89C6-4313-BB2C-2CCB662AFDFB}.Release|x64.ActiveCfg = Release|Any CPU
		{6C0D57DC-89C6-4313-BB2C-2CCB662AFDFB}.Release|x86.ActiveCfg = Release|Any CPU
		{61BCEAD9-36D4-49B6-9B0F-1999CDCD149F}.Debug|Any CPU.ActiveCfg = Debug|Any CPU
		{61BCEAD9-36D4-49B6-9B0F-1999CDCD149F}.Debug|Any CPU.Build.0 = Debug|Any CPU
		{61BCEAD9-36D4-49B6-9B0F-1999CDCD149F}.Debug|Any CPU.Deploy.0 = Debug|Any CPU
		{61BCEAD9-36D4-49B6-9B0F-1999CDCD149F}.Debug|ARM.ActiveCfg = Debug|ARM
		{61BCEAD9-36D4-49B6-9B0F-1999CDCD149F}.Debug|ARM.Build.0 = Debug|ARM
		{61BCEAD9-36D4-49B6-9B0F-1999CDCD149F}.Debug|ARM.Deploy.0 = Debug|ARM
		{61BCEAD9-36D4-49B6-9B0F-1999CDCD149F}.Debug|x64.ActiveCfg = Debug|x64
		{61BCEAD9-36D4-49B6-9B0F-1999CDCD149F}.Debug|x64.Build.0 = Debug|x64
		{61BCEAD9-36D4-49B6-9B0F-1999CDCD149F}.Debug|x64.Deploy.0 = Debug|x64
		{61BCEAD9-36D4-49B6-9B0F-1999CDCD149F}.Debug|x86.ActiveCfg = Debug|x86
		{61BCEAD9-36D4-49B6-9B0F-1999CDCD149F}.Debug|x86.Build.0 = Debug|x86
		{61BCEAD9-36D4-49B6-9B0F-1999CDCD149F}.Debug|x86.Deploy.0 = Debug|x86
		{61BCEAD9-36D4-49B6-9B0F-1999CDCD149F}.Release|Any CPU.ActiveCfg = Release|Any CPU
		{61BCEAD9-36D4-49B6-9B0F-1999CDCD149F}.Release|ARM.ActiveCfg = Release|x86
		{61BCEAD9-36D4-49B6-9B0F-1999CDCD149F}.Release|x64.ActiveCfg = Release|x86
		{61BCEAD9-36D4-49B6-9B0F-1999CDCD149F}.Release|x86.ActiveCfg = Release|x86
		{65CF9691-E5A1-44BB-91A5-F1FE1FDB7DBE}.Debug|Any CPU.ActiveCfg = Debug|Any CPU
		{65CF9691-E5A1-44BB-91A5-F1FE1FDB7DBE}.Debug|Any CPU.Build.0 = Debug|Any CPU
		{65CF9691-E5A1-44BB-91A5-F1FE1FDB7DBE}.Debug|ARM.ActiveCfg = Debug|ARM
		{65CF9691-E5A1-44BB-91A5-F1FE1FDB7DBE}.Debug|ARM.Build.0 = Debug|ARM
		{65CF9691-E5A1-44BB-91A5-F1FE1FDB7DBE}.Debug|x64.ActiveCfg = Debug|x64
		{65CF9691-E5A1-44BB-91A5-F1FE1FDB7DBE}.Debug|x64.Build.0 = Debug|x64
		{65CF9691-E5A1-44BB-91A5-F1FE1FDB7DBE}.Debug|x86.ActiveCfg = Debug|x86
		{65CF9691-E5A1-44BB-91A5-F1FE1FDB7DBE}.Debug|x86.Build.0 = Debug|x86
		{65CF9691-E5A1-44BB-91A5-F1FE1FDB7DBE}.Release|Any CPU.ActiveCfg = Release|Any CPU
		{65CF9691-E5A1-44BB-91A5-F1FE1FDB7DBE}.Release|Any CPU.Build.0 = Release|Any CPU
		{65CF9691-E5A1-44BB-91A5-F1FE1FDB7DBE}.Release|ARM.ActiveCfg = Release|x86
		{65CF9691-E5A1-44BB-91A5-F1FE1FDB7DBE}.Release|ARM.Build.0 = Release|x86
		{65CF9691-E5A1-44BB-91A5-F1FE1FDB7DBE}.Release|x64.ActiveCfg = Release|x86
		{65CF9691-E5A1-44BB-91A5-F1FE1FDB7DBE}.Release|x64.Build.0 = Release|x86
		{65CF9691-E5A1-44BB-91A5-F1FE1FDB7DBE}.Release|x86.ActiveCfg = Release|x86
		{65CF9691-E5A1-44BB-91A5-F1FE1FDB7DBE}.Release|x86.Build.0 = Release|x86
		{07EE71E1-1BEC-409A-B497-3A9E3EF16EE6}.Debug|Any CPU.ActiveCfg = Debug|Any CPU
		{07EE71E1-1BEC-409A-B497-3A9E3EF16EE6}.Debug|Any CPU.Build.0 = Debug|Any CPU
		{07EE71E1-1BEC-409A-B497-3A9E3EF16EE6}.Debug|ARM.ActiveCfg = Debug|ARM
		{07EE71E1-1BEC-409A-B497-3A9E3EF16EE6}.Debug|ARM.Build.0 = Debug|ARM
		{07EE71E1-1BEC-409A-B497-3A9E3EF16EE6}.Debug|x64.ActiveCfg = Debug|x64
		{07EE71E1-1BEC-409A-B497-3A9E3EF16EE6}.Debug|x64.Build.0 = Debug|x64
		{07EE71E1-1BEC-409A-B497-3A9E3EF16EE6}.Debug|x86.ActiveCfg = Debug|x86
		{07EE71E1-1BEC-409A-B497-3A9E3EF16EE6}.Debug|x86.Build.0 = Debug|x86
		{07EE71E1-1BEC-409A-B497-3A9E3EF16EE6}.Release|Any CPU.ActiveCfg = Release|Any CPU
		{07EE71E1-1BEC-409A-B497-3A9E3EF16EE6}.Release|Any CPU.Build.0 = Release|Any CPU
		{07EE71E1-1BEC-409A-B497-3A9E3EF16EE6}.Release|ARM.ActiveCfg = Release|ARM
		{07EE71E1-1BEC-409A-B497-3A9E3EF16EE6}.Release|ARM.Build.0 = Release|ARM
		{07EE71E1-1BEC-409A-B497-3A9E3EF16EE6}.Release|x64.ActiveCfg = Release|x64
		{07EE71E1-1BEC-409A-B497-3A9E3EF16EE6}.Release|x64.Build.0 = Release|x64
		{07EE71E1-1BEC-409A-B497-3A9E3EF16EE6}.Release|x86.ActiveCfg = Release|x86
		{07EE71E1-1BEC-409A-B497-3A9E3EF16EE6}.Release|x86.Build.0 = Release|x86
		{9299EB17-349D-408C-8BD5-D4DAD1ECEA7E}.Debug|Any CPU.ActiveCfg = Debug|x86
		{9299EB17-349D-408C-8BD5-D4DAD1ECEA7E}.Debug|ARM.ActiveCfg = Debug|ARM
		{9299EB17-349D-408C-8BD5-D4DAD1ECEA7E}.Debug|ARM.Build.0 = Debug|ARM
		{9299EB17-349D-408C-8BD5-D4DAD1ECEA7E}.Debug|ARM.Deploy.0 = Debug|ARM
		{9299EB17-349D-408C-8BD5-D4DAD1ECEA7E}.Debug|x64.ActiveCfg = Debug|x64
		{9299EB17-349D-408C-8BD5-D4DAD1ECEA7E}.Debug|x64.Build.0 = Debug|x64
		{9299EB17-349D-408C-8BD5-D4DAD1ECEA7E}.Debug|x64.Deploy.0 = Debug|x64
		{9299EB17-349D-408C-8BD5-D4DAD1ECEA7E}.Debug|x86.ActiveCfg = Debug|x86
		{9299EB17-349D-408C-8BD5-D4DAD1ECEA7E}.Debug|x86.Build.0 = Debug|x86
		{9299EB17-349D-408C-8BD5-D4DAD1ECEA7E}.Debug|x86.Deploy.0 = Debug|x86
		{9299EB17-349D-408C-8BD5-D4DAD1ECEA7E}.Release|Any CPU.ActiveCfg = Release|x86
		{9299EB17-349D-408C-8BD5-D4DAD1ECEA7E}.Release|ARM.ActiveCfg = Release|ARM
		{9299EB17-349D-408C-8BD5-D4DAD1ECEA7E}.Release|ARM.Build.0 = Release|ARM
		{9299EB17-349D-408C-8BD5-D4DAD1ECEA7E}.Release|ARM.Deploy.0 = Release|ARM
		{9299EB17-349D-408C-8BD5-D4DAD1ECEA7E}.Release|x64.ActiveCfg = Release|x64
		{9299EB17-349D-408C-8BD5-D4DAD1ECEA7E}.Release|x64.Build.0 = Release|x64
		{9299EB17-349D-408C-8BD5-D4DAD1ECEA7E}.Release|x64.Deploy.0 = Release|x64
		{9299EB17-349D-408C-8BD5-D4DAD1ECEA7E}.Release|x86.ActiveCfg = Release|x86
		{9299EB17-349D-408C-8BD5-D4DAD1ECEA7E}.Release|x86.Build.0 = Release|x86
		{9299EB17-349D-408C-8BD5-D4DAD1ECEA7E}.Release|x86.Deploy.0 = Release|x86
		{B68F871E-A9E1-40CB-92A7-0F602504895B}.Debug|Any CPU.ActiveCfg = Debug|Any CPU
		{B68F871E-A9E1-40CB-92A7-0F602504895B}.Debug|Any CPU.Build.0 = Debug|Any CPU
		{B68F871E-A9E1-40CB-92A7-0F602504895B}.Debug|ARM.ActiveCfg = Debug|Any CPU
		{B68F871E-A9E1-40CB-92A7-0F602504895B}.Debug|ARM.Build.0 = Debug|Any CPU
		{B68F871E-A9E1-40CB-92A7-0F602504895B}.Debug|x64.ActiveCfg = Debug|Any CPU
		{B68F871E-A9E1-40CB-92A7-0F602504895B}.Debug|x64.Build.0 = Debug|Any CPU
		{B68F871E-A9E1-40CB-92A7-0F602504895B}.Debug|x86.ActiveCfg = Debug|Any CPU
		{B68F871E-A9E1-40CB-92A7-0F602504895B}.Debug|x86.Build.0 = Debug|Any CPU
		{B68F871E-A9E1-40CB-92A7-0F602504895B}.Release|Any CPU.ActiveCfg = Release|Any CPU
		{B68F871E-A9E1-40CB-92A7-0F602504895B}.Release|Any CPU.Build.0 = Release|Any CPU
		{B68F871E-A9E1-40CB-92A7-0F602504895B}.Release|ARM.ActiveCfg = Release|Any CPU
		{B68F871E-A9E1-40CB-92A7-0F602504895B}.Release|ARM.Build.0 = Release|Any CPU
		{B68F871E-A9E1-40CB-92A7-0F602504895B}.Release|x64.ActiveCfg = Release|Any CPU
		{B68F871E-A9E1-40CB-92A7-0F602504895B}.Release|x64.Build.0 = Release|Any CPU
		{B68F871E-A9E1-40CB-92A7-0F602504895B}.Release|x86.ActiveCfg = Release|Any CPU
		{B68F871E-A9E1-40CB-92A7-0F602504895B}.Release|x86.Build.0 = Release|Any CPU
		{79DE2E0A-68A6-4538-878F-4C150594941A}.Debug|Any CPU.ActiveCfg = Debug|Any CPU
		{79DE2E0A-68A6-4538-878F-4C150594941A}.Debug|Any CPU.Build.0 = Debug|Any CPU
		{79DE2E0A-68A6-4538-878F-4C150594941A}.Debug|Any CPU.Deploy.0 = Debug|Any CPU
		{79DE2E0A-68A6-4538-878F-4C150594941A}.Debug|ARM.ActiveCfg = Debug|Any CPU
		{79DE2E0A-68A6-4538-878F-4C150594941A}.Debug|ARM.Build.0 = Debug|Any CPU
		{79DE2E0A-68A6-4538-878F-4C150594941A}.Debug|ARM.Deploy.0 = Debug|Any CPU
		{79DE2E0A-68A6-4538-878F-4C150594941A}.Debug|x64.ActiveCfg = Debug|Any CPU
		{79DE2E0A-68A6-4538-878F-4C150594941A}.Debug|x64.Build.0 = Debug|Any CPU
		{79DE2E0A-68A6-4538-878F-4C150594941A}.Debug|x64.Deploy.0 = Debug|Any CPU
		{79DE2E0A-68A6-4538-878F-4C150594941A}.Debug|x86.ActiveCfg = Debug|Any CPU
		{79DE2E0A-68A6-4538-878F-4C150594941A}.Debug|x86.Build.0 = Debug|Any CPU
		{79DE2E0A-68A6-4538-878F-4C150594941A}.Debug|x86.Deploy.0 = Debug|Any CPU
		{79DE2E0A-68A6-4538-878F-4C150594941A}.Release|Any CPU.ActiveCfg = Release|Any CPU
		{79DE2E0A-68A6-4538-878F-4C150594941A}.Release|ARM.ActiveCfg = Release|Any CPU
		{79DE2E0A-68A6-4538-878F-4C150594941A}.Release|ARM.Build.0 = Release|Any CPU
		{79DE2E0A-68A6-4538-878F-4C150594941A}.Release|ARM.Deploy.0 = Release|Any CPU
		{79DE2E0A-68A6-4538-878F-4C150594941A}.Release|x64.ActiveCfg = Release|Any CPU
		{79DE2E0A-68A6-4538-878F-4C150594941A}.Release|x64.Build.0 = Release|Any CPU
		{79DE2E0A-68A6-4538-878F-4C150594941A}.Release|x64.Deploy.0 = Release|Any CPU
		{79DE2E0A-68A6-4538-878F-4C150594941A}.Release|x86.ActiveCfg = Release|Any CPU
		{79DE2E0A-68A6-4538-878F-4C150594941A}.Release|x86.Build.0 = Release|Any CPU
		{79DE2E0A-68A6-4538-878F-4C150594941A}.Release|x86.Deploy.0 = Release|Any CPU
	EndGlobalSection
	GlobalSection(SolutionProperties) = preSolution
		HideSolutionNode = FALSE
	EndGlobalSection
	GlobalSection(NestedProjects) = preSolution
		{DCCB3FE7-5031-4297-BD87-C6B965A89927} = {76E6418C-1A2C-4B38-AC8E-F62481D52993}
		{E3420757-567A-457F-9803-56270E2C80D8} = {76E6418C-1A2C-4B38-AC8E-F62481D52993}
		{C48558A9-320F-464D-BEF4-48266F3CF2D3} = {DCCB3FE7-5031-4297-BD87-C6B965A89927}
		{A8C54259-542C-40AC-AEB6-EEFC3AA79859} = {DCCB3FE7-5031-4297-BD87-C6B965A89927}
		{6C0D57DC-89C6-4313-BB2C-2CCB662AFDFB} = {E3420757-567A-457F-9803-56270E2C80D8}
		{61BCEAD9-36D4-49B6-9B0F-1999CDCD149F} = {E3420757-567A-457F-9803-56270E2C80D8}
		{65CF9691-E5A1-44BB-91A5-F1FE1FDB7DBE} = {DCCB3FE7-5031-4297-BD87-C6B965A89927}
		{07EE71E1-1BEC-409A-B497-3A9E3EF16EE6} = {DCCB3FE7-5031-4297-BD87-C6B965A89927}
		{9299EB17-349D-408C-8BD5-D4DAD1ECEA7E} = {E3420757-567A-457F-9803-56270E2C80D8}
		{B68F871E-A9E1-40CB-92A7-0F602504895B} = {DCCB3FE7-5031-4297-BD87-C6B965A89927}
		{79DE2E0A-68A6-4538-878F-4C150594941A} = {E3420757-567A-457F-9803-56270E2C80D8}
	EndGlobalSection
EndGlobal
